
Microsoft Visual Studio Solution File, Format Version 12.00
# Visual Studio Version 16
VisualStudioVersion = 16.0.29519.181
MinimumVisualStudioVersion = 10.0.40219.1
Project("{9A19103F-16F7-4668-BE54-9A1E7A4F7556}") = "FlacHasher.Cmd", "FlacHasher.Cmd\FlacHasher.Cmd.csproj", "{BF8E272D-0A42-473A-90D9-6B38C6467E8B}"
EndProject
Project("{9A19103F-16F7-4668-BE54-9A1E7A4F7556}") = "FlacHash", "FlacHash\FlacHash.csproj", "{3E204436-7086-4D39-8470-F5CC8437F633}"
EndProject
Project("{9A19103F-16F7-4668-BE54-9A1E7A4F7556}") = "FlacHasher.Cmd.Tests", "FlacHasher.Cmd.Tests\FlacHasher.Cmd.Tests.csproj", "{3A43EB28-D672-4FDC-9E3A-79F690D0EC4D}"
EndProject
Project("{9A19103F-16F7-4668-BE54-9A1E7A4F7556}") = "FlacHash.Tests", "FlacHash.Tests\FlacHash.Tests.csproj", "{95453BD0-CCCA-4790-BB19-9DF4A9BC7DD2}"
EndProject
Project("{2150E333-8FDC-42A3-9474-1A3956D46DE8}") = "Configuration", "Configuration", "{12895311-F9F7-4C71-A721-0F1F25A475E2}"
EndProject
Project("{9A19103F-16F7-4668-BE54-9A1E7A4F7556}") = "Configuration.Ini", "Configuration.Ini\Configuration.Ini\Configuration.Ini.csproj", "{5309C3FB-9B6A-4FDD-8AA0-7E903F7AEA0E}"
EndProject
Project("{9A19103F-16F7-4668-BE54-9A1E7A4F7556}") = "Configuration.Ini.Tests", "Configuration.Ini\Configuration.Ini.Tests\Configuration.Ini.Tests.csproj", "{3A0805A3-6DA2-478E-BBEF-B0CF017D2C06}"
EndProject
Project("{9A19103F-16F7-4668-BE54-9A1E7A4F7556}") = "FlacCompressionLevelChecker", "FlacCompressionLevelChecker\FlacCompressionLevelChecker.csproj", "{9D16EEEC-A352-49B4-AB31-F3BF5C72AAAF}"
EndProject
Project("{9A19103F-16F7-4668-BE54-9A1E7A4F7556}") = "Cmd", "Andy.Cmd\Cmd.csproj", "{A23CFC93-D168-4BBD-AAC8-9716AEEE0000}"
EndProject
Project("{9A19103F-16F7-4668-BE54-9A1E7A4F7556}") = "CompressionLevelChecker.Win", "CompressionLevelChecker.Win\CompressionLevelChecker.Win.csproj", "{675EC2A9-32BD-4571-8CDE-CAFED9457345}"
EndProject
Project("{9A19103F-16F7-4668-BE54-9A1E7A4F7556}") = "CompressionLevelChecker.Win.Tests", "CompressionLevelChecker.Win.Tests\CompressionLevelChecker.Win.Tests.csproj", "{7152A7B2-5E5F-4DBD-AA49-1D5B7E2D8163}"
EndProject
Project("{9A19103F-16F7-4668-BE54-9A1E7A4F7556}") = "FlacHasher.Win", "FlacHasher.Win\FlacHasher.Win.csproj", "{98C23219-1364-4BC1-A906-1F609DAA8736}"
EndProject
Project("{9A19103F-16F7-4668-BE54-9A1E7A4F7556}") = "FlacHash.IO", "FlacHash.IO\FlacHash.IO.csproj", "{2A68B888-C4F5-4B4C-9CE9-AE73CB6F884B}"
EndProject
Project("{9A19103F-16F7-4668-BE54-9A1E7A4F7556}") = "FlacHasher.Win.Tests", "FlacHasher.Win.Tests\FlacHasher.Win.Tests.csproj", "{73574F89-BE50-4B75-806E-E8EF4D106A55}"
EndProject
Project("{2150E333-8FDC-42A3-9474-1A3956D46DE8}") = "TestHelper", "TestHelper", "{39AD7A67-C3C9-4D9C-93E0-097590F4C81A}"
EndProject
Project("{9A19103F-16F7-4668-BE54-9A1E7A4F7556}") = "TestHelper", "TestHelper\TestHelper.csproj", "{E921D57F-9D09-4500-ADE4-DF361B07BC75}"
EndProject
Project("{9A19103F-16F7-4668-BE54-9A1E7A4F7556}") = "ExternalProcess.Tests", "ExternalProcess.Tests\ExternalProcess.Tests.csproj", "{D0F4F3E3-C38D-471B-B313-00E2A0D36FA2}"
EndProject
Project("{9A19103F-16F7-4668-BE54-9A1E7A4F7556}") = "ExternalProcess", "ExternalProcess\ExternalProcess.csproj", "{15F2238E-2760-467F-BE72-DAA7891B9A59}"
EndProject
Global
	GlobalSection(SolutionConfigurationPlatforms) = preSolution
		Debug|Any CPU = Debug|Any CPU
		Release|Any CPU = Release|Any CPU
	EndGlobalSection
	GlobalSection(ProjectConfigurationPlatforms) = postSolution
		{BF8E272D-0A42-473A-90D9-6B38C6467E8B}.Debug|Any CPU.ActiveCfg = Debug|Any CPU
		{BF8E272D-0A42-473A-90D9-6B38C6467E8B}.Debug|Any CPU.Build.0 = Debug|Any CPU
		{BF8E272D-0A42-473A-90D9-6B38C6467E8B}.Release|Any CPU.ActiveCfg = Release|Any CPU
		{BF8E272D-0A42-473A-90D9-6B38C6467E8B}.Release|Any CPU.Build.0 = Release|Any CPU
		{3E204436-7086-4D39-8470-F5CC8437F633}.Debug|Any CPU.ActiveCfg = Debug|Any CPU
		{3E204436-7086-4D39-8470-F5CC8437F633}.Debug|Any CPU.Build.0 = Debug|Any CPU
		{3E204436-7086-4D39-8470-F5CC8437F633}.Release|Any CPU.ActiveCfg = Release|Any CPU
		{3E204436-7086-4D39-8470-F5CC8437F633}.Release|Any CPU.Build.0 = Release|Any CPU
		{3A43EB28-D672-4FDC-9E3A-79F690D0EC4D}.Debug|Any CPU.ActiveCfg = Debug|Any CPU
		{3A43EB28-D672-4FDC-9E3A-79F690D0EC4D}.Debug|Any CPU.Build.0 = Debug|Any CPU
		{3A43EB28-D672-4FDC-9E3A-79F690D0EC4D}.Release|Any CPU.ActiveCfg = Release|Any CPU
		{3A43EB28-D672-4FDC-9E3A-79F690D0EC4D}.Release|Any CPU.Build.0 = Release|Any CPU
		{95453BD0-CCCA-4790-BB19-9DF4A9BC7DD2}.Debug|Any CPU.ActiveCfg = Debug|Any CPU
		{95453BD0-CCCA-4790-BB19-9DF4A9BC7DD2}.Debug|Any CPU.Build.0 = Debug|Any CPU
		{95453BD0-CCCA-4790-BB19-9DF4A9BC7DD2}.Release|Any CPU.ActiveCfg = Release|Any CPU
		{95453BD0-CCCA-4790-BB19-9DF4A9BC7DD2}.Release|Any CPU.Build.0 = Release|Any CPU
		{5309C3FB-9B6A-4FDD-8AA0-7E903F7AEA0E}.Debug|Any CPU.ActiveCfg = Debug|Any CPU
		{5309C3FB-9B6A-4FDD-8AA0-7E903F7AEA0E}.Debug|Any CPU.Build.0 = Debug|Any CPU
		{5309C3FB-9B6A-4FDD-8AA0-7E903F7AEA0E}.Release|Any CPU.ActiveCfg = Release|Any CPU
		{5309C3FB-9B6A-4FDD-8AA0-7E903F7AEA0E}.Release|Any CPU.Build.0 = Release|Any CPU
		{3A0805A3-6DA2-478E-BBEF-B0CF017D2C06}.Debug|Any CPU.ActiveCfg = Debug|Any CPU
		{3A0805A3-6DA2-478E-BBEF-B0CF017D2C06}.Debug|Any CPU.Build.0 = Debug|Any CPU
		{3A0805A3-6DA2-478E-BBEF-B0CF017D2C06}.Release|Any CPU.ActiveCfg = Release|Any CPU
		{3A0805A3-6DA2-478E-BBEF-B0CF017D2C06}.Release|Any CPU.Build.0 = Release|Any CPU
		{9D16EEEC-A352-49B4-AB31-F3BF5C72AAAF}.Debug|Any CPU.ActiveCfg = Debug|Any CPU
		{9D16EEEC-A352-49B4-AB31-F3BF5C72AAAF}.Debug|Any CPU.Build.0 = Debug|Any CPU
		{9D16EEEC-A352-49B4-AB31-F3BF5C72AAAF}.Release|Any CPU.ActiveCfg = Release|Any CPU
		{9D16EEEC-A352-49B4-AB31-F3BF5C72AAAF}.Release|Any CPU.Build.0 = Release|Any CPU
		{A23CFC93-D168-4BBD-AAC8-9716AEEE0000}.Debug|Any CPU.ActiveCfg = Debug|Any CPU
		{A23CFC93-D168-4BBD-AAC8-9716AEEE0000}.Debug|Any CPU.Build.0 = Debug|Any CPU
		{A23CFC93-D168-4BBD-AAC8-9716AEEE0000}.Release|Any CPU.ActiveCfg = Release|Any CPU
		{A23CFC93-D168-4BBD-AAC8-9716AEEE0000}.Release|Any CPU.Build.0 = Release|Any CPU
		{675EC2A9-32BD-4571-8CDE-CAFED9457345}.Debug|Any CPU.ActiveCfg = Debug|Any CPU
		{675EC2A9-32BD-4571-8CDE-CAFED9457345}.Debug|Any CPU.Build.0 = Debug|Any CPU
		{675EC2A9-32BD-4571-8CDE-CAFED9457345}.Release|Any CPU.ActiveCfg = Release|Any CPU
		{675EC2A9-32BD-4571-8CDE-CAFED9457345}.Release|Any CPU.Build.0 = Release|Any CPU
		{7152A7B2-5E5F-4DBD-AA49-1D5B7E2D8163}.Debug|Any CPU.ActiveCfg = Debug|Any CPU
		{7152A7B2-5E5F-4DBD-AA49-1D5B7E2D8163}.Debug|Any CPU.Build.0 = Debug|Any CPU
		{7152A7B2-5E5F-4DBD-AA49-1D5B7E2D8163}.Release|Any CPU.ActiveCfg = Release|Any CPU
		{7152A7B2-5E5F-4DBD-AA49-1D5B7E2D8163}.Release|Any CPU.Build.0 = Release|Any CPU
		{98C23219-1364-4BC1-A906-1F609DAA8736}.Debug|Any CPU.ActiveCfg = Debug|Any CPU
		{98C23219-1364-4BC1-A906-1F609DAA8736}.Debug|Any CPU.Build.0 = Debug|Any CPU
		{98C23219-1364-4BC1-A906-1F609DAA8736}.Release|Any CPU.ActiveCfg = Release|Any CPU
		{98C23219-1364-4BC1-A906-1F609DAA8736}.Release|Any CPU.Build.0 = Release|Any CPU
		{2A68B888-C4F5-4B4C-9CE9-AE73CB6F884B}.Debug|Any CPU.ActiveCfg = Debug|Any CPU
		{2A68B888-C4F5-4B4C-9CE9-AE73CB6F884B}.Debug|Any CPU.Build.0 = Debug|Any CPU
		{2A68B888-C4F5-4B4C-9CE9-AE73CB6F884B}.Release|Any CPU.ActiveCfg = Release|Any CPU
		{2A68B888-C4F5-4B4C-9CE9-AE73CB6F884B}.Release|Any CPU.Build.0 = Release|Any CPU
		{73574F89-BE50-4B75-806E-E8EF4D106A55}.Debug|Any CPU.ActiveCfg = Debug|Any CPU
		{73574F89-BE50-4B75-806E-E8EF4D106A55}.Debug|Any CPU.Build.0 = Debug|Any CPU
		{73574F89-BE50-4B75-806E-E8EF4D106A55}.Release|Any CPU.ActiveCfg = Release|Any CPU
		{73574F89-BE50-4B75-806E-E8EF4D106A55}.Release|Any CPU.Build.0 = Release|Any CPU
		{E921D57F-9D09-4500-ADE4-DF361B07BC75}.Debug|Any CPU.ActiveCfg = Debug|Any CPU
		{E921D57F-9D09-4500-ADE4-DF361B07BC75}.Debug|Any CPU.Build.0 = Debug|Any CPU
		{E921D57F-9D09-4500-ADE4-DF361B07BC75}.Release|Any CPU.ActiveCfg = Release|Any CPU
		{E921D57F-9D09-4500-ADE4-DF361B07BC75}.Release|Any CPU.Build.0 = Release|Any CPU
		{D0F4F3E3-C38D-471B-B313-00E2A0D36FA2}.Debug|Any CPU.ActiveCfg = Debug|Any CPU
		{D0F4F3E3-C38D-471B-B313-00E2A0D36FA2}.Debug|Any CPU.Build.0 = Debug|Any CPU
		{D0F4F3E3-C38D-471B-B313-00E2A0D36FA2}.Release|Any CPU.ActiveCfg = Release|Any CPU
		{D0F4F3E3-C38D-471B-B313-00E2A0D36FA2}.Release|Any CPU.Build.0 = Release|Any CPU
		{15F2238E-2760-467F-BE72-DAA7891B9A59}.Debug|Any CPU.ActiveCfg = Debug|Any CPU
		{15F2238E-2760-467F-BE72-DAA7891B9A59}.Debug|Any CPU.Build.0 = Debug|Any CPU
		{15F2238E-2760-467F-BE72-DAA7891B9A59}.Release|Any CPU.ActiveCfg = Release|Any CPU
		{15F2238E-2760-467F-BE72-DAA7891B9A59}.Release|Any CPU.Build.0 = Release|Any CPU
	EndGlobalSection
	GlobalSection(SolutionProperties) = preSolution
		HideSolutionNode = FALSE
	EndGlobalSection
	GlobalSection(NestedProjects) = preSolution
		{5309C3FB-9B6A-4FDD-8AA0-7E903F7AEA0E} = {12895311-F9F7-4C71-A721-0F1F25A475E2}
		{3A0805A3-6DA2-478E-BBEF-B0CF017D2C06} = {12895311-F9F7-4C71-A721-0F1F25A475E2}
		{E921D57F-9D09-4500-ADE4-DF361B07BC75} = {39AD7A67-C3C9-4D9C-93E0-097590F4C81A}
	EndGlobalSection
	GlobalSection(ExtensibilityGlobals) = postSolution
		SolutionGuid = {AB7E61AB-29FF-4459-94B9-B5772275DAD9}
	EndGlobalSection
EndGlobal
