
Microsoft Visual Studio Solution File, Format Version 12.00
# Visual Studio Version 16
VisualStudioVersion = 16.0.29519.181
MinimumVisualStudioVersion = 10.0.40219.1
Project("{9A19103F-16F7-4668-BE54-9A1E7A4F7556}") = "FlacHasher.Cmd", "FlacHasher.Cmd\FlacHasher.Cmd.csproj", "{BF8E272D-0A42-473A-90D9-6B38C6467E8B}"
EndProject
Project("{9A19103F-16F7-4668-BE54-9A1E7A4F7556}") = "FlacHash", "FlacHash\FlacHash.csproj", "{3E204436-7086-4D39-8470-F5CC8437F633}"
EndProject
Project("{9A19103F-16F7-4668-BE54-9A1E7A4F7556}") = "Configuration", "Configuration\Configuration.csproj", "{EDCD89D5-E343-4A90-8636-449D379344B1}"
EndProject
Project("{9A19103F-16F7-4668-BE54-9A1E7A4F7556}") = "Configuration.Tests", "Configuration.Tests\Configuration.Tests.csproj", "{9A549E72-1821-4B84-A8CC-1D5CC77CCC97}"
EndProject
Project("{9A19103F-16F7-4668-BE54-9A1E7A4F7556}") = "FlacHasher.Cmd.Tests", "FlacHasher.Cmd.Tests\FlacHasher.Cmd.Tests.csproj", "{3A43EB28-D672-4FDC-9E3A-79F690D0EC4D}"
EndProject
Project("{FAE04EC0-301F-11D3-BF4B-00C04F79EFBC}") = "FlacHash.Tests", "FlacHash.Tests\FlacHash.Tests.csproj", "{95453BD0-CCCA-4790-BB19-9DF4A9BC7DD2}"
EndProject
Global
	GlobalSection(SolutionConfigurationPlatforms) = preSolution
		Debug|Any CPU = Debug|Any CPU
		Release|Any CPU = Release|Any CPU
	EndGlobalSection
	GlobalSection(ProjectConfigurationPlatforms) = postSolution
		{BF8E272D-0A42-473A-90D9-6B38C6467E8B}.Debug|Any CPU.ActiveCfg = Debug|Any CPU
		{BF8E272D-0A42-473A-90D9-6B38C6467E8B}.Debug|Any CPU.Build.0 = Debug|Any CPU
		{BF8E272D-0A42-473A-90D9-6B38C6467E8B}.Release|Any CPU.ActiveCfg = Release|Any CPU
		{BF8E272D-0A42-473A-90D9-6B38C6467E8B}.Release|Any CPU.Build.0 = Release|Any CPU
		{3E204436-7086-4D39-8470-F5CC8437F633}.Debug|Any CPU.ActiveCfg = Debug|Any CPU
		{3E204436-7086-4D39-8470-F5CC8437F633}.Debug|Any CPU.Build.0 = Debug|Any CPU
		{3E204436-7086-4D39-8470-F5CC8437F633}.Release|Any CPU.ActiveCfg = Release|Any CPU
		{3E204436-7086-4D39-8470-F5CC8437F633}.Release|Any CPU.Build.0 = Release|Any CPU
		{EDCD89D5-E343-4A90-8636-449D379344B1}.Debug|Any CPU.ActiveCfg = Debug|Any CPU
		{EDCD89D5-E343-4A90-8636-449D379344B1}.Debug|Any CPU.Build.0 = Debug|Any CPU
		{EDCD89D5-E343-4A90-8636-449D379344B1}.Release|Any CPU.ActiveCfg = Release|Any CPU
		{EDCD89D5-E343-4A90-8636-449D379344B1}.Release|Any CPU.Build.0 = Release|Any CPU
		{9A549E72-1821-4B84-A8CC-1D5CC77CCC97}.Debug|Any CPU.ActiveCfg = Debug|Any CPU
		{9A549E72-1821-4B84-A8CC-1D5CC77CCC97}.Debug|Any CPU.Build.0 = Debug|Any CPU
		{9A549E72-1821-4B84-A8CC-1D5CC77CCC97}.Release|Any CPU.ActiveCfg = Release|Any CPU
		{9A549E72-1821-4B84-A8CC-1D5CC77CCC97}.Release|Any CPU.Build.0 = Release|Any CPU
		{3A43EB28-D672-4FDC-9E3A-79F690D0EC4D}.Debug|Any CPU.ActiveCfg = Debug|Any CPU
		{3A43EB28-D672-4FDC-9E3A-79F690D0EC4D}.Debug|Any CPU.Build.0 = Debug|Any CPU
		{3A43EB28-D672-4FDC-9E3A-79F690D0EC4D}.Release|Any CPU.ActiveCfg = Release|Any CPU
		{3A43EB28-D672-4FDC-9E3A-79F690D0EC4D}.Release|Any CPU.Build.0 = Release|Any CPU
		{95453BD0-CCCA-4790-BB19-9DF4A9BC7DD2}.Debug|Any CPU.ActiveCfg = Debug|Any CPU
		{95453BD0-CCCA-4790-BB19-9DF4A9BC7DD2}.Debug|Any CPU.Build.0 = Debug|Any CPU
		{95453BD0-CCCA-4790-BB19-9DF4A9BC7DD2}.Release|Any CPU.ActiveCfg = Release|Any CPU
		{95453BD0-CCCA-4790-BB19-9DF4A9BC7DD2}.Release|Any CPU.Build.0 = Release|Any CPU
	EndGlobalSection
	GlobalSection(SolutionProperties) = preSolution
		HideSolutionNode = FALSE
	EndGlobalSection
	GlobalSection(ExtensibilityGlobals) = postSolution
		SolutionGuid = {AB7E61AB-29FF-4459-94B9-B5772275DAD9}
	EndGlobalSection
EndGlobal
